dependencies:
- name: longhorn
  repository: https://charts.longhorn.io
  version: 1.13.0
- name: snapshot-controller
  repository: https://piraeus.io/helm-charts
  version: 5.3.0
digest: sha256:72c13a2ea1051854b37963dff0d080c59ef49033da1e2fc405f72c054e855efe
generated: "2026-10-10T00:54:35.501185105Z"
