dependencies:
- name: kube-prometheus-stack
  repository: https://prometheus-community.github.io/helm-charts
  version: 91.4.0
- name: prometheus-blackbox-exporter
  repository: https://prometheus-community.github.io/helm-charts
  version: 11.18.0
digest: sha256:1e772fd4d725142ed0ba97c33ea358051783a1250a33b10f9f85327a324abfbf
generated: "2026-09-15T12:14:35.703852159Z"
