dependencies:
- name: opentelemetry-operator
  repository: https://open-telemetry.github.io/opentelemetry-helm-charts
  version: 0.124.1
- name: opentelemetry-collector
  repository: https://open-telemetry.github.io/opentelemetry-helm-charts
  version: 0.175.1
digest: sha256:a7c6a8e5f4ebca6f5fa10272544fd9df38aa59af3eecc2cf06287dcbf7c9207a
generated: "2026-10-10T00:54:49.524415285Z"
