dependencies:
- name: argo-cd
  repository: https://argoproj.github.io/argo-helm
  version: 10.9.6
- name: argocd-apps
  repository: https://argoproj.github.io/argo-helm
  version: 2.0.6
- name: argo-workflows
  repository: https://argoproj.github.io/argo-helm
  version: 2.0.11
- name: argo-events
  repository: https://argoproj.github.io/argo-helm
  version: 2.4.27
digest: sha256:b97eb308ab5190e2937d6ef1a679a9cacc8237247398f1c1ff2e3d5e522efc6c
generated: "2026-10-03T16:48:32.518858585Z"
