dependencies:
- name: argo-cd
  repository: https://argoproj.github.io/argo-helm
  version: 10.9.2
- name: argocd-apps
  repository: https://argoproj.github.io/argo-helm
  version: 2.0.5
- name: argo-workflows
  repository: https://argoproj.github.io/argo-helm
  version: 2.0.7
- name: argo-events
  repository: https://argoproj.github.io/argo-helm
  version: 2.4.27
digest: sha256:ff87ea743c892ff340bbeabc6a18392e7d78b84a7190ba403b4ed15221314987
generated: "2026-09-19T01:25:04.648353712Z"
